
Microsoft Visual Studio Solution File, Format Version 12.00
# Visual Studio Version 17
VisualStudioVersion = 17.5.33516.290
MinimumVisualStudioVersion = 10.0.40219.1
Project("{9A19103F-16F7-4668-BE54-9A1E7A4F7556}") = "MaldoMotos", "MaldoMotos.csproj", "{1D11DEC4-4349-44E9-8AEB-B2F7F8076BBD}"
EndProject
Project("{9A19103F-16F7-4668-BE54-9A1E7A4F7556}") = "BibliotecaMaldoMotos", "..\BibliotecaMaldoMotos\BibliotecaMaldoMotos.csproj", "{CEE30828-232C-490F-97CA-B7F990B89E99}"
EndProject
Global
	GlobalSection(SolutionConfigurationPlatforms) = preSolution
		Debug|Any CPU = Debug|Any CPU
		Release|Any CPU = Release|Any CPU
	EndGlobalSection
	GlobalSection(ProjectConfigurationPlatforms) = postSolution
		{1D11DEC4-4349-44E9-8AEB-B2F7F8076BBD}.Debug|Any CPU.ActiveCfg = Debug|Any CPU
		{1D11DEC4-4349-44E9-8AEB-B2F7F8076BBD}.Debug|Any CPU.Build.0 = Debug|Any CPU
		{1D11DEC4-4349-44E9-8AEB-B2F7F8076BBD}.Release|Any CPU.ActiveCfg = Release|Any CPU
		{1D11DEC4-4349-44E9-8AEB-B2F7F8076BBD}.Release|Any CPU.Build.0 = Release|Any CPU
		{CEE30828-232C-490F-97CA-B7F990B89E99}.Debug|Any CPU.ActiveCfg = Debug|Any CPU
		{CEE30828-232C-490F-97CA-B7F990B89E99}.Debug|Any CPU.Build.0 = Debug|Any CPU
		{CEE30828-232C-490F-97CA-B7F990B89E99}.Release|Any CPU.ActiveCfg = Release|Any CPU
		{CEE30828-232C-490F-97CA-B7F990B89E99}.Release|Any CPU.Build.0 = Release|Any CPU
	EndGlobalSection
	GlobalSection(SolutionProperties) = preSolution
		HideSolutionNode = FALSE
	EndGlobalSection
	GlobalSection(ExtensibilityGlobals) = postSolution
		SolutionGuid = {5A1B51E5-465B-41D1-AC63-14B0D273BFD1}
	EndGlobalSection
EndGlobal
